dependencies:
- name: postgresql
  repository: oci://registry-1.docker.io/bitnamicharts
  version: 14.3.3
- name: redis
  repository: oci://registry-1.docker.io/bitnamicharts
  version: 18.19.4
digest: sha256:720ae31f378ad4849a4ec38f993409bec5ec660ad8f256d5ba87936a3e6427c8
generated: "2026-03-23T02:46:01.904698+03:00"
